
Microsoft Visual Studio Solution File, Format Version 12.00
# Visual Studio 15
VisualStudioVersion = 15.0.26730.16
MinimumVisualStudioVersion = 10.0.40219.1
Project("{FAE04EC0-301F-11D3-BF4B-00C04F79EFBC}") = "firstn", "firstn\firstn.csproj", "{1868E9C6-CC9C-4609-8B0B-448A0EF7EDB3}"
EndProject
Global
	GlobalSection(SolutionConfigurationPlatforms) = preSolution
		Debug|Any CPU = Debug|Any CPU
		Release|Any CPU = Release|Any CPU
	EndGlobalSection
	GlobalSection(ProjectConfigurationPlatforms) = postSolution
		{1868E9C6-CC9C-4609-8B0B-448A0EF7EDB3}.Debug|Any CPU.ActiveCfg = Debug|Any CPU
		{1868E9C6-CC9C-4609-8B0B-448A0EF7EDB3}.Debug|Any CPU.Build.0 = Debug|Any CPU
		{1868E9C6-CC9C-4609-8B0B-448A0EF7EDB3}.Release|Any CPU.ActiveCfg = Release|Any CPU
		{1868E9C6-CC9C-4609-8B0B-448A0EF7EDB3}.Release|Any CPU.Build.0 = Release|Any CPU
	EndGlobalSection
	GlobalSection(SolutionProperties) = preSolution
		HideSolutionNode = FALSE
	EndGlobalSection
	GlobalSection(ExtensibilityGlobals) = postSolution
		SolutionGuid = {AEF69466-C16E-4AA4-81C8-46DDEED40ED7}
	EndGlobalSection
EndGlobal
